{
  "requires": true,
  "lockfileVersion": 1,
  "dependencies": {
    "avocado2d": {
      "version": "1.0.1",
      "resolved": "https://registry.npmjs.org/avocado2d/-/avocado2d-1.0.1.tgz",
      "integrity": "sha512-5qnE6V5La5rEjh5VfPHKlPAn1ThuRVnBxENITg3w5sLBnY09jP2qhuOn1KAtObJxmaqvcRcRS6Ao3Maj8RzOgA=="
    }
  }
}
